
Microsoft Visual Studio Solution File, Format Version 12.00
# Visual Studio Version 16
VisualStudioVersion = 16.0.31005.135
MinimumVisualStudioVersion = 10.0.40219.1
Project("{FAE04EC0-301F-11D3-BF4B-00C04F79EFBC}") = "SaleMonitoring.DAL", "SaleMonitoring.DAL\SaleMonitoring.DAL.csproj", "{155BBD93-8559-4A72-A88C-8A759F908BB5}"
EndProject
Project("{FAE04EC0-301F-11D3-BF4B-00C04F79EFBC}") = "SaleMonitoring.BL", "SaleMonitoring.BL\SaleMonitoring.BL.csproj", "{75541E9A-21A4-47E2-A1AB-6DB47F0B6659}"
EndProject
Project("{FAE04EC0-301F-11D3-BF4B-00C04F79EFBC}") = "SaleMonitoring.DomainModel", "SaleMonitoring.DomainModel\SaleMonitoring.DomainModel.csproj", "{9D5FB1AD-ABE8-4EC4-8D8F-A37FDD11E75C}"
EndProject
Project("{FAE04EC0-301F-11D3-BF4B-00C04F79EFBC}") = "SaleMonitoring.Identity", "SaleMonitoring.Identity\SaleMonitoring.Identity.csproj", "{B696DF37-D684-4037-92D0-96EE35B3D932}"
EndProject
Project("{FAE04EC0-301F-11D3-BF4B-00C04F79EFBC}") = "SaleMonitoring", "SaleMonitoring\SaleMonitoring.csproj", "{7F16F474-3EE7-4C5F-9CAD-F3306BB915A9}"
EndProject
Global
	GlobalSection(SolutionConfigurationPlatforms) = preSolution
		Debug|Any CPU = Debug|Any CPU
		Release|Any CPU = Release|Any CPU
	EndGlobalSection
	GlobalSection(ProjectConfigurationPlatforms) = postSolution
		{155BBD93-8559-4A72-A88C-8A759F908BB5}.Debug|Any CPU.ActiveCfg = Debug|Any CPU
		{155BBD93-8559-4A72-A88C-8A759F908BB5}.Debug|Any CPU.Build.0 = Debug|Any CPU
		{155BBD93-8559-4A72-A88C-8A759F908BB5}.Release|Any CPU.ActiveCfg = Release|Any CPU
		{155BBD93-8559-4A72-A88C-8A759F908BB5}.Release|Any CPU.Build.0 = Release|Any CPU
		{75541E9A-21A4-47E2-A1AB-6DB47F0B6659}.Debug|Any CPU.ActiveCfg = Debug|Any CPU
		{75541E9A-21A4-47E2-A1AB-6DB47F0B6659}.Debug|Any CPU.Build.0 = Debug|Any CPU
		{75541E9A-21A4-47E2-A1AB-6DB47F0B6659}.Release|Any CPU.ActiveCfg = Release|Any CPU
		{75541E9A-21A4-47E2-A1AB-6DB47F0B6659}.Release|Any CPU.Build.0 = Release|Any CPU
		{9D5FB1AD-ABE8-4EC4-8D8F-A37FDD11E75C}.Debug|Any CPU.ActiveCfg = Debug|Any CPU
		{9D5FB1AD-ABE8-4EC4-8D8F-A37FDD11E75C}.Debug|Any CPU.Build.0 = Debug|Any CPU
		{9D5FB1AD-ABE8-4EC4-8D8F-A37FDD11E75C}.Release|Any CPU.ActiveCfg = Release|Any CPU
		{9D5FB1AD-ABE8-4EC4-8D8F-A37FDD11E75C}.Release|Any CPU.Build.0 = Release|Any CPU
		{B696DF37-D684-4037-92D0-96EE35B3D932}.Debug|Any CPU.ActiveCfg = Debug|Any CPU
		{B696DF37-D684-4037-92D0-96EE35B3D932}.Debug|Any CPU.Build.0 = Debug|Any CPU
		{B696DF37-D684-4037-92D0-96EE35B3D932}.Release|Any CPU.ActiveCfg = Release|Any CPU
		{B696DF37-D684-4037-92D0-96EE35B3D932}.Release|Any CPU.Build.0 = Release|Any CPU
		{7F16F474-3EE7-4C5F-9CAD-F3306BB915A9}.Debug|Any CPU.ActiveCfg = Debug|Any CPU
		{7F16F474-3EE7-4C5F-9CAD-F3306BB915A9}.Debug|Any CPU.Build.0 = Debug|Any CPU
		{7F16F474-3EE7-4C5F-9CAD-F3306BB915A9}.Release|Any CPU.ActiveCfg = Release|Any CPU
		{7F16F474-3EE7-4C5F-9CAD-F3306BB915A9}.Release|Any CPU.Build.0 = Release|Any CPU
	EndGlobalSection
	GlobalSection(SolutionProperties) = preSolution
		HideSolutionNode = FALSE
	EndGlobalSection
	GlobalSection(ExtensibilityGlobals) = postSolution
		SolutionGuid = {C6780459-C33A-4A04-BD2A-7DD620672D09}
	EndGlobalSection
EndGlobal
